
Microsoft Visual Studio Solution File, Format Version 12.00
# Visual Studio 15
VisualStudioVersion = 15.0.28307.329
MinimumVisualStudioVersion = 10.0.40219.1
Project("{9A19103F-16F7-4668-BE54-9A1E7A4F7556}") = "Pimoroni.Blinkt.Net", "Pimoroni.Blinkt.Net.csproj", "{1296DF97-9DE3-41C9-A0D0-BC4BD8F85399}"
EndProject
Global
	GlobalSection(SolutionConfigurationPlatforms) = preSolution
		Debug|Any CPU = Debug|Any CPU
		Release|Any CPU = Release|Any CPU
	EndGlobalSection
	GlobalSection(ProjectConfigurationPlatforms) = postSolution
		{1296DF97-9DE3-41C9-A0D0-BC4BD8F85399}.Debug|Any CPU.ActiveCfg = Debug|Any CPU
		{1296DF97-9DE3-41C9-A0D0-BC4BD8F85399}.Debug|Any CPU.Build.0 = Debug|Any CPU
		{1296DF97-9DE3-41C9-A0D0-BC4BD8F85399}.Release|Any CPU.ActiveCfg = Release|Any CPU
		{1296DF97-9DE3-41C9-A0D0-BC4BD8F85399}.Release|Any CPU.Build.0 = Release|Any CPU
	EndGlobalSection
	GlobalSection(SolutionProperties) = preSolution
		HideSolutionNode = FALSE
	EndGlobalSection
	GlobalSection(ExtensibilityGlobals) = postSolution
		SolutionGuid = {453D6FA9-F534-4895-BDCD-1B9BC755EC8B}
	EndGlobalSection
EndGlobal
